
Microsoft Visual Studio Solution File, Format Version 12.00
# Visual Studio Version 16
VisualStudioVersion = 16.0.29926.136
MinimumVisualStudioVersion = 10.0.40219.1
Project("{FAE04EC0-301F-11D3-BF4B-00C04F79EFBC}") = "AbstractMebelView", "AbstractMebelView\AbstractMebelView.csproj", "{FA2F7CA6-473E-4986-AA6F-D2FB667B613D}"
EndProject
Project("{9A19103F-16F7-4668-BE54-9A1E7A4F7556}") = "AbstractMebelBusinessLogic", "AbstractMebelBusinessLogic\AbstractMebelBusinessLogic.csproj", "{23B7A023-1CFF-47F4-97F1-EB24E0041597}"
EndProject
Project("{9A19103F-16F7-4668-BE54-9A1E7A4F7556}") = "AbstractMebelDatabaseImplement", "AbstractMebelDatabaseImplement\AbstractMebelDatabaseImplement.csproj", "{57B9FD88-29B2-4EA4-B2E7-001B91CF5EFC}"
EndProject
Project("{9A19103F-16F7-4668-BE54-9A1E7A4F7556}") = "AbstractMebelListImplement", "AbstractMebelListImplement\AbstractMebelListImplement.csproj", "{2F755E6D-E1DF-4357-81D9-73632C4D66C2}"
EndProject
Project("{9A19103F-16F7-4668-BE54-9A1E7A4F7556}") = "AbstractMebelFileImplement", "AbstractMebelFileImplement\AbstractMebelFileImplement.csproj", "{3ACC1C52-986C-4F05-8297-B1404DE016A3}"
EndProject
Project("{FAE04EC0-301F-11D3-BF4B-00C04F79EFBC}") = "AbstractMebelRestApi", "AbstractMebelRestApi\AbstractMebelRestApi.csproj", "{F787AACA-B352-41A0-9828-F4223281F47A}"
EndProject
Global
	GlobalSection(SolutionConfigurationPlatforms) = preSolution
		Debug|Any CPU = Debug|Any CPU
		Release|Any CPU = Release|Any CPU
	EndGlobalSection
	GlobalSection(ProjectConfigurationPlatforms) = postSolution
		{FA2F7CA6-473E-4986-AA6F-D2FB667B613D}.Debug|Any CPU.ActiveCfg = Debug|Any CPU
		{FA2F7CA6-473E-4986-AA6F-D2FB667B613D}.Debug|Any CPU.Build.0 = Debug|Any CPU
		{FA2F7CA6-473E-4986-AA6F-D2FB667B613D}.Release|Any CPU.ActiveCfg = Release|Any CPU
		{FA2F7CA6-473E-4986-AA6F-D2FB667B613D}.Release|Any CPU.Build.0 = Release|Any CPU
		{23B7A023-1CFF-47F4-97F1-EB24E0041597}.Debug|Any CPU.ActiveCfg = Debug|Any CPU
		{23B7A023-1CFF-47F4-97F1-EB24E0041597}.Debug|Any CPU.Build.0 = Debug|Any CPU
		{23B7A023-1CFF-47F4-97F1-EB24E0041597}.Release|Any CPU.ActiveCfg = Release|Any CPU
		{23B7A023-1CFF-47F4-97F1-EB24E0041597}.Release|Any CPU.Build.0 = Release|Any CPU
		{57B9FD88-29B2-4EA4-B2E7-001B91CF5EFC}.Debug|Any CPU.ActiveCfg = Debug|Any CPU
		{57B9FD88-29B2-4EA4-B2E7-001B91CF5EFC}.Debug|Any CPU.Build.0 = Debug|Any CPU
		{57B9FD88-29B2-4EA4-B2E7-001B91CF5EFC}.Release|Any CPU.ActiveCfg = Release|Any CPU
		{57B9FD88-29B2-4EA4-B2E7-001B91CF5EFC}.Release|Any CPU.Build.0 = Release|Any CPU
		{2F755E6D-E1DF-4357-81D9-73632C4D66C2}.Debug|Any CPU.ActiveCfg = Debug|Any CPU
		{2F755E6D-E1DF-4357-81D9-73632C4D66C2}.Debug|Any CPU.Build.0 = Debug|Any CPU
		{2F755E6D-E1DF-4357-81D9-73632C4D66C2}.Release|Any CPU.ActiveCfg = Release|Any CPU
		{2F755E6D-E1DF-4357-81D9-73632C4D66C2}.Release|Any CPU.Build.0 = Release|Any CPU
		{3ACC1C52-986C-4F05-8297-B1404DE016A3}.Debug|Any CPU.ActiveCfg = Debug|Any CPU
		{3ACC1C52-986C-4F05-8297-B1404DE016A3}.Debug|Any CPU.Build.0 = Debug|Any CPU
		{3ACC1C52-986C-4F05-8297-B1404DE016A3}.Release|Any CPU.ActiveCfg = Release|Any CPU
		{3ACC1C52-986C-4F05-8297-B1404DE016A3}.Release|Any CPU.Build.0 = Release|Any CPU
		{F787AACA-B352-41A0-9828-F4223281F47A}.Debug|Any CPU.ActiveCfg = Debug|Any CPU
		{F787AACA-B352-41A0-9828-F4223281F47A}.Debug|Any CPU.Build.0 = Debug|Any CPU
		{F787AACA-B352-41A0-9828-F4223281F47A}.Release|Any CPU.ActiveCfg = Release|Any CPU
		{F787AACA-B352-41A0-9828-F4223281F47A}.Release|Any CPU.Build.0 = Release|Any CPU
	EndGlobalSection
	GlobalSection(SolutionProperties) = preSolution
		HideSolutionNode = FALSE
	EndGlobalSection
	GlobalSection(ExtensibilityGlobals) = postSolution
		SolutionGuid = {7479D97C-E3BE-4A6A-ADA7-7B14138F81A6}
	EndGlobalSection
EndGlobal
